// !$*UTF8*$!
{
	archiveVersion = 1;
	classes = {
	};
	objectVersion = 50;
	objects = {

/* Begin PBXBuildFile section */
		A79A41E52379C22300EAC9B1 /* main.swift in Sources */ = {isa = PBXBuildFile; fileRef = A79A41E42379C22300EAC9B1 /* main.swift */; };
		A79A427E2379C54700EAC9B1 /* StringExtensions.swift in Sources */ = {isa = PBXBuildFile; fileRef = A79A427D2379C54700EAC9B1 /* StringExtensions.swift */; };
		A79A42812379C56600EAC9B1 /* CollectionExtensions.swift in Sources */ = {isa = PBXBuildFile; fileRef = A79A42802379C56600EAC9B1 /* CollectionExtensions.swift */; };
		A79A42842379C84900EAC9B1 /* Xcode.swift in Sources */ = {isa = PBXBuildFile; fileRef = A79A42832379C84900EAC9B1 /* Xcode.swift */; };
/* End PBXBuildFile section */

/* Begin PBXCopyFilesBuildPhase section */
		A79A41DF2379C22300EAC9B1 /* CopyFiles */ = {
			isa = PBXCopyFilesBuildPhase;
			buildActionMask = 2147483647;
			dstPath = /usr/share/man/man1/;
			dstSubfolderSpec = 0;
			files = (
			);
			runOnlyForDeploymentPostprocessing = 1;
		};
/* End PBXCopyFilesBuildPhase section */

/* Begin PBXFileReference section */
		A712DB5B2379D18B00999416 /* licenses.plist */ = {isa = PBXFileReference; lastKnownFileType = text.plist.xml; name = licenses.plist; path = ../../../Desktop/licenses.plist; sourceTree = "<group>"; };
		A79A41E12379C22300EAC9B1 /* spm-licenses */ = {isa = PBXFileReference; explicitFileType = "compiled.mach-o.executable"; includeInIndex = 0; path = "spm-licenses"; sourceTree = BUILT_PRODUCTS_DIR; };
		A79A41E42379C22300EAC9B1 /* main.swift */ = {isa = PBXFileReference; lastKnownFileType = sourcecode.swift; path = main.swift; sourceTree = "<group>"; };
		A79A427D2379C54700EAC9B1 /* StringExtensions.swift */ = {isa = PBXFileReference; lastKnownFileType = sourcecode.swift; path = StringExtensions.swift; sourceTree = "<group>"; };
		A79A42802379C56600EAC9B1 /* CollectionExtensions.swift */ = {isa = PBXFileReference; lastKnownFileType = sourcecode.swift; path = CollectionExtensions.swift; sourceTree = "<group>"; };
		A79A42832379C84900EAC9B1 /* Xcode.swift */ = {isa = PBXFileReference; lastKnownFileType = sourcecode.swift; path = Xcode.swift; sourceTree = "<group>"; };
/* End PBXFileReference section */

/* Begin PBXFrameworksBuildPhase section */
		A79A41DE2379C22300EAC9B1 /* Frameworks */ = {
			isa = PBXFrameworksBuildPhase;
			buildActionMask = 2147483647;
			files = (
			);
			runOnlyForDeploymentPostprocessing = 0;
		};
/* End PBXFrameworksBuildPhase section */

/* Begin PBXGroup section */
		A79A41D82379C22300EAC9B1 = {
			isa = PBXGroup;
			children = (
				A79A41E32379C22300EAC9B1 /* spm-licenses */,
				A79A41E22379C22300EAC9B1 /* Products */,
			);
			sourceTree = "<group>";
		};
		A79A41E22379C22300EAC9B1 /* Products */ = {
			isa = PBXGroup;
			children = (
				A79A41E12379C22300EAC9B1 /* spm-licenses */,
			);
			name = Products;
			sourceTree = "<group>";
		};
		A79A41E32379C22300EAC9B1 /* spm-licenses */ = {
			isa = PBXGroup;
			children = (
				A79A42822379C84200EAC9B1 /* Tools */,
				A79A427C2379C53C00EAC9B1 /* Extensions */,
				A79A41E42379C22300EAC9B1 /* main.swift */,
				A712DB5B2379D18B00999416 /* licenses.plist */,
			);
			path = "spm-licenses";
			sourceTree = "<group>";
		};
		A79A427C2379C53C00EAC9B1 /* Extensions */ = {
			isa = PBXGroup;
			children = (
				A79A427D2379C54700EAC9B1 /* StringExtensions.swift */,
				A79A42802379C56600EAC9B1 /* CollectionExtensions.swift */,
			);
			path = Extensions;
			sourceTree = "<group>";
		};
		A79A42822379C84200EAC9B1 /* Tools */ = {
			isa = PBXGroup;
			children = (
				A79A42832379C84900EAC9B1 /* Xcode.swift */,
			);
			path = Tools;
			sourceTree = "<group>";
		};
/* End PBXGroup section */

/* Begin PBXNativeTarget section */
		A79A41E02379C22300EAC9B1 /* spm-licenses */ = {
			isa = PBXNativeTarget;
			buildConfigurationList = A79A41E82379C22300EAC9B1 /* Build configuration list for PBXNativeTarget "spm-licenses" */;
			buildPhases = (
				A79A41DD2379C22300EAC9B1 /* Sources */,
				A79A41DE2379C22300EAC9B1 /* Frameworks */,
				A79A41DF2379C22300EAC9B1 /* CopyFiles */,
			);
			buildRules = (
			);
			dependencies = (
			);
			name = "spm-licenses";
			productName = "spm-licenses";
			productReference = A79A41E12379C22300EAC9B1 /* spm-licenses */;
			productType = "com.apple.product-type.tool";
		};
/* End PBXNativeTarget section */

/* Begin PBXProject section */
		A79A41D92379C22300EAC9B1 /* Project object */ = {
			isa = PBXProject;
			attributes = {
				LastSwiftUpdateCheck = 1110;
				LastUpgradeCheck = 1110;
				ORGANIZATIONNAME = MacPaw;
				TargetAttributes = {
					A79A41E02379C22300EAC9B1 = {
						CreatedOnToolsVersion = 11.1;
					};
				};
			};
			buildConfigurationList = A79A41DC2379C22300EAC9B1 /* Build configuration list for PBXProject "spm-licenses" */;
			compatibilityVersion = "Xcode 9.3";
			developmentRegion = en;
			hasScannedForEncodings = 0;
			knownRegions = (
				en,
				Base,
			);
			mainGroup = A79A41D82379C22300EAC9B1;
			productRefGroup = A79A41E22379C22300EAC9B1 /* Products */;
			projectDirPath = "";
			projectRoot = "";
			targets = (
				A79A41E02379C22300EAC9B1 /* spm-licenses */,
			);
		};
/* End PBXProject section */

/* Begin PBXSourcesBuildPhase section */
		A79A41DD2379C22300EAC9B1 /* Sources */ = {
			isa = PBXSourcesBuildPhase;
			buildActionMask = 2147483647;
			files = (
				A79A427E2379C54700EAC9B1 /* StringExtensions.swift in Sources */,
				A79A42842379C84900EAC9B1 /* Xcode.swift in Sources */,
				A79A42812379C56600EAC9B1 /* CollectionExtensions.swift in Sources */,
				A79A41E52379C22300EAC9B1 /* main.swift in Sources */,
			);
			runOnlyForDeploymentPostprocessing = 0;
		};
/* End PBXSourcesBuildPhase section */

/* Begin XCBuildConfiguration section */
		A79A41E62379C22300EAC9B1 /* Debug */ = {
			isa = XCBuildConfiguration;
			buildSettings = {
				ALWAYS_SEARCH_USER_PATHS = NO;
				CLANG_ANALYZER_NONNULL = YES;
				CLANG_ANALYZER_NUMBER_OBJECT_CONVERSION = YES_AGGRESSIVE;
				CLANG_CXX_LANGUAGE_STANDARD = "gnu++14";
				CLANG_CXX_LIBRARY = "libc++";
				CLANG_ENABLE_MODULES = YES;
				CLANG_ENABLE_OBJC_ARC = YES;
				CLANG_ENABLE_OBJC_WEAK = YES;
				CLANG_WARN_BLOCK_CAPTURE_AUTORELEASING = YES;
				CLANG_WARN_BOOL_CONVERSION = YES;
				CLANG_WARN_COMMA = YES;
				CLANG_WARN_CONSTANT_CONVERSION = YES;
				CLANG_WARN_DEPRECATED_OBJC_IMPLEMENTATIONS = YES;
				CLANG_WARN_DIRECT_OBJC_ISA_USAGE = YES_ERROR;
				CLANG_WARN_DOCUMENTATION_COMMENTS = YES;
				CLANG_WARN_EMPTY_BODY = YES;
				CLANG_WARN_ENUM_CONVERSION = YES;
				CLANG_WARN_INFINITE_RECURSION = YES;
				CLANG_WARN_INT_CONVERSION = YES;
				CLANG_WARN_NON_LITERAL_NULL_CONVERSION = YES;
				CLANG_WARN_OBJC_IMPLICIT_RETAIN_SELF = YES;
				CLANG_WARN_OBJC_LITERAL_CONVERSION = YES;
				CLANG_WARN_OBJC_ROOT_CLASS = YES_ERROR;
				CLANG_WARN_RANGE_LOOP_ANALYSIS = YES;
				CLANG_WARN_STRICT_PROTOTYPES = YES;
				CLANG_WARN_SUSPICIOUS_MOVE = YES;
				CLANG_WARN_UNGUARDED_AVAILABILITY = YES_AGGRESSIVE;
				CLANG_WARN_UNREACHABLE_CODE = YES;
				CLANG_WARN__DUPLICATE_METHOD_MATCH = YES;
				COPY_PHASE_STRIP = NO;
				DEBUG_INFORMATION_FORMAT = dwarf;
				ENABLE_STRICT_OBJC_MSGSEND = YES;
				ENABLE_TESTABILITY = YES;
				GCC_C_LANGUAGE_STANDARD = gnu11;
				GCC_DYNAMIC_NO_PIC = NO;
				GCC_NO_COMMON_BLOCKS = YES;
				GCC_OPTIMIZATION_LEVEL = 0;
				GCC_PREPROCESSOR_DEFINITIONS = (
					"DEBUG=1",
					"$(inherited)",
				);
				GCC_WARN_64_TO_32_BIT_CONVERSION = YES;
				GCC_WARN_ABOUT_RETURN_TYPE = YES_ERROR;
				GCC_WARN_UNDECLARED_SELECTOR = YES;
				GCC_WARN_UNINITIALIZED_AUTOS = YES_AGGRESSIVE;
				GCC_WARN_UNUSED_FUNCTION = YES;
				GCC_WARN_UNUSED_VARIABLE = YES;
				MACOSX_DEPLOYMENT_TARGET = 10.15;
				MTL_ENABLE_DEBUG_INFO = INCLUDE_SOURCE;
				MTL_FAST_MATH = YES;
				ONLY_ACTIVE_ARCH = YES;
				SDKROOT = macosx;
				SWIFT_ACTIVE_COMPILATION_CONDITIONS = DEBUG;
				SWIFT_OPTIMIZATION_LEVEL = "-Onone";
			};
			name = Debug;
		};
		A79A41E72379C22300EAC9B1 /* Release */ = {
			isa = XCBuildConfiguration;
			buildSettings = {
				ALWAYS_SEARCH_USER_PATHS = NO;
				CLANG_ANALYZER_NONNULL = YES;
				CLANG_ANALYZER_NUMBER_OBJECT_CONVERSION = YES_AGGRESSIVE;
				CLANG_CXX_LANGUAGE_STANDARD = "gnu++14";
				CLANG_CXX_LIBRARY = "libc++";
				CLANG_ENABLE_MODULES = YES;
				CLANG_ENABLE_OBJC_ARC = YES;
				CLANG_ENABLE_OBJC_WEAK = YES;
				CLANG_WARN_BLOCK_CAPTURE_AUTORELEASING = YES;
				CLANG_WARN_BOOL_CONVERSION = YES;
				CLANG_WARN_COMMA = YES;
				CLANG_WARN_CONSTANT_CONVERSION = YES;
				CLANG_WARN_DEPRECATED_OBJC_IMPLEMENTATIONS = YES;
				CLANG_WARN_DIRECT_OBJC_ISA_USAGE = YES_ERROR;
				CLANG_WARN_DOCUMENTATION_COMMENTS = YES;
				CLANG_WARN_EMPTY_BODY = YES;
				CLANG_WARN_ENUM_CONVERSION = YES;
				CLANG_WARN_INFINITE_RECURSION = YES;
				CLANG_WARN_INT_CONVERSION = YES;
				CLANG_WARN_NON_LITERAL_NULL_CONVERSION = YES;
				CLANG_WARN_OBJC_IMPLICIT_RETAIN_SELF = YES;
				CLANG_WARN_OBJC_LITERAL_CONVERSION = YES;
				CLANG_WARN_OBJC_ROOT_CLASS = YES_ERROR;
				CLANG_WARN_RANGE_LOOP_ANALYSIS = YES;
				CLANG_WARN_STRICT_PROTOTYPES = YES;
				CLANG_WARN_SUSPICIOUS_MOVE = YES;
				CLANG_WARN_UNGUARDED_AVAILABILITY = YES_AGGRESSIVE;
				CLANG_WARN_UNREACHABLE_CODE = YES;
				CLANG_WARN__DUPLICATE_METHOD_MATCH = YES;
				COPY_PHASE_STRIP = NO;
				DEBUG_INFORMATION_FORMAT = "dwarf-with-dsym";
				ENABLE_NS_ASSERTIONS = NO;
				ENABLE_STRICT_OBJC_MSGSEND = YES;
				GCC_C_LANGUAGE_STANDARD = gnu11;
				GCC_NO_COMMON_BLOCKS = YES;
				GCC_WARN_64_TO_32_BIT_CONVERSION = YES;
				GCC_WARN_ABOUT_RETURN_TYPE = YES_ERROR;
				GCC_WARN_UNDECLARED_SELECTOR = YES;
				GCC_WARN_UNINITIALIZED_AUTOS = YES_AGGRESSIVE;
				GCC_WARN_UNUSED_FUNCTION = YES;
				GCC_WARN_UNUSED_VARIABLE = YES;
				MACOSX_DEPLOYMENT_TARGET = 10.15;
				MTL_ENABLE_DEBUG_INFO = NO;
				MTL_FAST_MATH = YES;
				SDKROOT = macosx;
				SWIFT_COMPILATION_MODE = wholemodule;
				SWIFT_OPTIMIZATION_LEVEL = "-O";
			};
			name = Release;
		};
		A79A41E92379C22300EAC9B1 /* Debug */ = {
			isa = XCBuildConfiguration;
			buildSettings = {
				CODE_SIGN_STYLE = Automatic;
				DEVELOPMENT_TEAM = S8EX82NJP6;
				ENABLE_HARDENED_RUNTIME = YES;
				PRODUCT_NAME = "$(TARGET_NAME)";
				SWIFT_VERSION = 5.0;
			};
			name = Debug;
		};
		A79A41EA2379C22300EAC9B1 /* Release */ = {
			isa = XCBuildConfiguration;
			buildSettings = {
				CODE_SIGN_STYLE = Automatic;
				DEVELOPMENT_TEAM = S8EX82NJP6;
				ENABLE_HARDENED_RUNTIME = YES;
				PRODUCT_NAME = "$(TARGET_NAME)";
				SWIFT_VERSION = 5.0;
			};
			name = Release;
		};
/* End XCBuildConfiguration section */

/* Begin XCConfigurationList section */
		A79A41DC2379C22300EAC9B1 /* Build configuration list for PBXProject "spm-licenses" */ = {
			isa = XCConfigurationList;
			buildConfigurations = (
				A79A41E62379C22300EAC9B1 /* Debug */,
				A79A41E72379C22300EAC9B1 /* Release */,
			);
			defaultConfigurationIsVisible = 0;
			defaultConfigurationName = Release;
		};
		A79A41E82379C22300EAC9B1 /* Build configuration list for PBXNativeTarget "spm-licenses" */ = {
			isa = XCConfigurationList;
			buildConfigurations = (
				A79A41E92379C22300EAC9B1 /* Debug */,
				A79A41EA2379C22300EAC9B1 /* Release */,
			);
			defaultConfigurationIsVisible = 0;
			defaultConfigurationName = Release;
		};
/* End XCConfigurationList section */
	};
	rootObject = A79A41D92379C22300EAC9B1 /* Project object */;
}
